
Microsoft Visual Studio Solution File, Format Version 12.00
# Visual Studio 15
VisualStudioVersion = 15.0.28307.438
MinimumVisualStudioVersion = 10.0.40219.1
Project("{FAE04EC0-301F-11D3-BF4B-00C04F79EFBC}") = "HangmanGameAPI", "HangmanGameAPI\HangmanGameAPI.csproj", "{3D9ED049-3713-4996-9783-E1C9B5ABC86E}"
EndProject
Global
	GlobalSection(SolutionConfigurationPlatforms) = preSolution
		Debug|Any CPU = Debug|Any CPU
		Release|Any CPU = Release|Any CPU
	EndGlobalSection
	GlobalSection(ProjectConfigurationPlatforms) = postSolution
		{3D9ED049-3713-4996-9783-E1C9B5ABC86E}.Debug|Any CPU.ActiveCfg = Debug|Any CPU
		{3D9ED049-3713-4996-9783-E1C9B5ABC86E}.Debug|Any CPU.Build.0 = Debug|Any CPU
		{3D9ED049-3713-4996-9783-E1C9B5ABC86E}.Release|Any CPU.ActiveCfg = Release|Any CPU
		{3D9ED049-3713-4996-9783-E1C9B5ABC86E}.Release|Any CPU.Build.0 = Release|Any CPU
	EndGlobalSection
	GlobalSection(SolutionProperties) = preSolution
		HideSolutionNode = FALSE
	EndGlobalSection
	GlobalSection(ExtensibilityGlobals) = postSolution
		SolutionGuid = {B809D567-FDF7-4571-AACB-874BECD5031D}
	EndGlobalSection
EndGlobal
